schema: '2.0'
stages:
  load_data:
    cmd: python src/load_data.py --config=params.yaml
    deps:
    - path: data_given/winequality.csv
      md5: ccc8d3507eb151f53f760d36abdef888
      size: 91998
    - path: src/get_data.py
      md5: c4b1bb22b211c50c7f44ce1f95bfc220
      size: 703
    - path: src/load_data.py
      md5: f4b7782aead356f3a2ef623418746174
      size: 603
    outs:
    - path: data/raw/winequality.csv
      md5: d98e8f2eca228c11c4de1cc96866a54d
      size: 93598
  split_data:
    cmd: python src/split_data.py --config=params.yaml
    deps:
    - path: data/raw/winequality.csv
      md5: d98e8f2eca228c11c4de1cc96866a54d
      size: 93598
    - path: src/split_data.py
      md5: b8648aacfd5e8399ef5954ed9193389d
      size: 1037
    outs:
    - path: data/processed/test_winequality.csv
      md5: 01718da3bd6e206060ed00667ca1a389
      size: 18831
    - path: data/processed/train_winequality.csv
      md5: 4bccf4d668cdc60115de42ba74d416ab
      size: 74913
  train_and_evaluate:
    cmd: python src/train_and_evaluate.py --config=params.yaml
    deps:
    - path: data/processed/test_winequality.csv
      md5: 01718da3bd6e206060ed00667ca1a389
      size: 18831
    - path: data/processed/train_winequality.csv
      md5: 4bccf4d668cdc60115de42ba74d416ab
      size: 74913
    - path: src/train_and_evaluate.py
      md5: 13444fc069f0d2877d0fd63bb955f707
      size: 2675
    params:
      params.yaml:
        estimators.ElasticNet.params.alpha: 0.7
        estimators.ElasticNet.params.l1_ratio: 0.6
    outs:
    - path: report/params.json
      md5: 9dc2dd9706ecb1c0081606f89ed6c3fd
      size: 44
    - path: report/scores.json
      md5: be91abfd048b50107487d84e15650395
      size: 98
    - path: saved_models/model.joblib
      md5: ebb643e8a9f381495200a38efacd1e7a
      size: 1334
